
Microsoft Visual Studio Solution File, Format Version 12.00
# Visual Studio Version 17
VisualStudioVersion = 17.0.32014.148
MinimumVisualStudioVersion = 10.0.40219.1
Project("{FAE04EC0-301F-11D3-BF4B-00C04F79EFBC}") = "PCSC-Logger", "PCSC-Logger\PCSC-Logger.csproj", "{D799229D-2296-4248-9BB1-CC5B4195D832}"
EndProject
Global
	GlobalSection(SolutionConfigurationPlatforms) = preSolution
		Debug|Any CPU = Debug|Any CPU
		Release|Any CPU = Release|Any CPU
	EndGlobalSection
	GlobalSection(ProjectConfigurationPlatforms) = postSolution
		{D799229D-2296-4248-9BB1-CC5B4195D832}.Debug|Any CPU.ActiveCfg = Debug|Any CPU
		{D799229D-2296-4248-9BB1-CC5B4195D832}.Debug|Any CPU.Build.0 = Debug|Any CPU
		{D799229D-2296-4248-9BB1-CC5B4195D832}.Release|Any CPU.ActiveCfg = Release|Any CPU
		{D799229D-2296-4248-9BB1-CC5B4195D832}.Release|Any CPU.Build.0 = Release|Any CPU
	EndGlobalSection
	GlobalSection(SolutionProperties) = preSolution
		HideSolutionNode = FALSE
	EndGlobalSection
	GlobalSection(ExtensibilityGlobals) = postSolution
		SolutionGuid = {0D41486C-909B-430A-9038-87D4F1312122}
	EndGlobalSection
EndGlobal
